{
  "name": "deck-generator",
  "version": "0.1.0",
  "lockfileVersion": 1,
  "requires": true,
  "dependencies": {
    "bs-node": {
      "version": "github:reasonml-community/bs-node#20ef6d2d7c00e923aba33b0629ca5623a4460712",
      "from": "github:reasonml-community/bs-node"
    },
    "bs-platform": {
      "version": "4.0.17",
      "resolved": "https://registry.npmjs.org/bs-platform/-/bs-platform-4.0.17.tgz",
      "integrity": "sha512-ypn2VEAmuVgX+ezKF9HXXzZ9Fe47UMPyt0x9MBBAF/C0Fus9wEIOdRD0gB4p3J9uLabB/MRWWuw7ORnP8w086g==",
      "dev": true
    }
  }
}
